
Microsoft Visual Studio Solution File, Format Version 11.00
# Visual Studio 2010
Project("{8BC9CEB8-8B4A-11D0-8D11-00A0C91BC942}") = "FileMetaPropertyHandler", "PropertyHandler\PropertyHandler.vcxproj", "{9A425E8E-90B6-4A69-BB97-F858D6F79407}"
EndProject
Project("{8BC9CEB8-8B4A-11D0-8D11-00A0C91BC942}") = "FileMetaContextMenuHandler", "ContextMenuHandler\ContextMenuHandler.vcxproj", "{C49FF559-B840-4BC8-BC85-A0020BAE8D06}"
EndProject
Project("{FAE04EC0-301F-11D3-BF4B-00C04F79EFBC}") = "FileMetaAssociationManager", "AssociationManager\FileMetaAssociationManager.csproj", "{DF556225-1366-45F7-BD00-7465BA300F05}"
EndProject
Project("{930C7802-8A8C-48F9-8165-68863BCCD9DD}") = "Setup", "Setup\Setup.wixproj", "{B6A6838F-E450-49E2-99DC-E2B99B28DBF3}"
EndProject
Project("{8BC9CEB8-8B4A-11D0-8D11-00A0C91BC942}") = "CommandLine", "CommandLine\FileMeta.vcxproj", "{8E86EBF1-8B1F-4035-A21B-3A566FF04C7F}"
EndProject
Project("{FAE04EC0-301F-11D3-BF4B-00C04F79EFBC}") = "GongSolutions.Wpf.DragDrop (NET35)", "GongSolutions.Wpf.DragDrop\GongSolutions.Wpf.DragDrop (NET35).csproj", "{0C6674CC-6D49-414A-9B41-D4E175028FFB}"
EndProject
Project("{2150E333-8FDC-42A3-9474-1A3956D46DE8}") = "Solution Items", "Solution Items", "{04B76814-BD15-451D-9E11-0365A92457B0}"
EndProject
Project("{FAE04EC0-301F-11D3-BF4B-00C04F79EFBC}") = "CommandLineAssociationManager", "CommandLineAssociationManager\CommandLineAssociationManager.csproj", "{4198D440-3C47-4183-B28A-E2B10FDEF045}"
EndProject
Project("{FAE04EC0-301F-11D3-BF4B-00C04F79EFBC}") = "AssociationMessages", "AssociationMessages\AssociationMessages.csproj", "{28675CF5-7653-4EB7-91AC-B08BB04DA246}"
EndProject
Global
	GlobalSection(SolutionConfigurationPlatforms) = preSolution
		Debug|Any CPU = Debug|Any CPU
		Debug|x64 = Debug|x64
		Debug|x86 = Debug|x86
		Release|Any CPU = Release|Any CPU
		Release|x64 = Release|x64
		Release|x86 = Release|x86
	EndGlobalSection
	GlobalSection(ProjectConfigurationPlatforms) = postSolution
		{9A425E8E-90B6-4A69-BB97-F858D6F79407}.Debug|Any CPU.ActiveCfg = Debug|x64
		{9A425E8E-90B6-4A69-BB97-F858D6F79407}.Debug|x64.ActiveCfg = Debug|x64
		{9A425E8E-90B6-4A69-BB97-F858D6F79407}.Debug|x64.Build.0 = Debug|x64
		{9A425E8E-90B6-4A69-BB97-F858D6F79407}.Debug|x86.ActiveCfg = Debug|Win32
		{9A425E8E-90B6-4A69-BB97-F858D6F79407}.Debug|x86.Build.0 = Debug|Win32
		{9A425E8E-90B6-4A69-BB97-F858D6F79407}.Release|Any CPU.ActiveCfg = Release|x64
		{9A425E8E-90B6-4A69-BB97-F858D6F79407}.Release|x64.ActiveCfg = Release|x64
		{9A425E8E-90B6-4A69-BB97-F858D6F79407}.Release|x64.Build.0 = Release|x64
		{9A425E8E-90B6-4A69-BB97-F858D6F79407}.Release|x86.ActiveCfg = Release|Win32
		{9A425E8E-90B6-4A69-BB97-F858D6F79407}.Release|x86.Build.0 = Release|Win32
		{C49FF559-B840-4BC8-BC85-A0020BAE8D06}.Debug|Any CPU.ActiveCfg = Debug|x64
		{C49FF559-B840-4BC8-BC85-A0020BAE8D06}.Debug|x64.ActiveCfg = Debug|x64
		{C49FF559-B840-4BC8-BC85-A0020BAE8D06}.Debug|x64.Build.0 = Debug|x64
		{C49FF559-B840-4BC8-BC85-A0020BAE8D06}.Debug|x86.ActiveCfg = Debug|Win32
		{C49FF559-B840-4BC8-BC85-A0020BAE8D06}.Debug|x86.Build.0 = Debug|Win32
		{C49FF559-B840-4BC8-BC85-A0020BAE8D06}.Release|Any CPU.ActiveCfg = Release|x64
		{C49FF559-B840-4BC8-BC85-A0020BAE8D06}.Release|x64.ActiveCfg = Release|x64
		{C49FF559-B840-4BC8-BC85-A0020BAE8D06}.Release|x64.Build.0 = Release|x64
		{C49FF559-B840-4BC8-BC85-A0020BAE8D06}.Release|x86.ActiveCfg = Release|Win32
		{C49FF559-B840-4BC8-BC85-A0020BAE8D06}.Release|x86.Build.0 = Release|Win32
		{DF556225-1366-45F7-BD00-7465BA300F05}.Debug|Any CPU.ActiveCfg = Debug|x64
		{DF556225-1366-45F7-BD00-7465BA300F05}.Debug|x64.ActiveCfg = Debug|x64
		{DF556225-1366-45F7-BD00-7465BA300F05}.Debug|x64.Build.0 = Debug|x64
		{DF556225-1366-45F7-BD00-7465BA300F05}.Debug|x86.ActiveCfg = Debug|x86
		{DF556225-1366-45F7-BD00-7465BA300F05}.Debug|x86.Build.0 = Debug|x86
		{DF556225-1366-45F7-BD00-7465BA300F05}.Release|Any CPU.ActiveCfg = Release|x64
		{DF556225-1366-45F7-BD00-7465BA300F05}.Release|x64.ActiveCfg = Release|x64
		{DF556225-1366-45F7-BD00-7465BA300F05}.Release|x64.Build.0 = Release|x64
		{DF556225-1366-45F7-BD00-7465BA300F05}.Release|x86.ActiveCfg = Release|x86
		{DF556225-1366-45F7-BD00-7465BA300F05}.Release|x86.Build.0 = Release|x86
		{B6A6838F-E450-49E2-99DC-E2B99B28DBF3}.Debug|Any CPU.ActiveCfg = Debug|x64
		{B6A6838F-E450-49E2-99DC-E2B99B28DBF3}.Debug|x64.ActiveCfg = Debug|x64
		{B6A6838F-E450-49E2-99DC-E2B99B28DBF3}.Debug|x64.Build.0 = Debug|x64
		{B6A6838F-E450-49E2-99DC-E2B99B28DBF3}.Debug|x86.ActiveCfg = Debug|x86
		{B6A6838F-E450-49E2-99DC-E2B99B28DBF3}.Debug|x86.Build.0 = Debug|x86
		{B6A6838F-E450-49E2-99DC-E2B99B28DBF3}.Release|Any CPU.ActiveCfg = Release|x64
		{B6A6838F-E450-49E2-99DC-E2B99B28DBF3}.Release|x64.ActiveCfg = Release|x64
		{B6A6838F-E450-49E2-99DC-E2B99B28DBF3}.Release|x64.Build.0 = Release|x64
		{B6A6838F-E450-49E2-99DC-E2B99B28DBF3}.Release|x86.ActiveCfg = Release|x86
		{B6A6838F-E450-49E2-99DC-E2B99B28DBF3}.Release|x86.Build.0 = Release|x86
		{8E86EBF1-8B1F-4035-A21B-3A566FF04C7F}.Debug|Any CPU.ActiveCfg = Debug|x64
		{8E86EBF1-8B1F-4035-A21B-3A566FF04C7F}.Debug|x64.ActiveCfg = Debug|x64
		{8E86EBF1-8B1F-4035-A21B-3A566FF04C7F}.Debug|x64.Build.0 = Debug|x64
		{8E86EBF1-8B1F-4035-A21B-3A566FF04C7F}.Debug|x86.ActiveCfg = Debug|Win32
		{8E86EBF1-8B1F-4035-A21B-3A566FF04C7F}.Debug|x86.Build.0 = Debug|Win32
		{8E86EBF1-8B1F-4035-A21B-3A566FF04C7F}.Release|Any CPU.ActiveCfg = Release|x64
		{8E86EBF1-8B1F-4035-A21B-3A566FF04C7F}.Release|x64.ActiveCfg = Release|x64
		{8E86EBF1-8B1F-4035-A21B-3A566FF04C7F}.Release|x64.Build.0 = Release|x64
		{8E86EBF1-8B1F-4035-A21B-3A566FF04C7F}.Release|x86.ActiveCfg = Release|Win32
		{8E86EBF1-8B1F-4035-A21B-3A566FF04C7F}.Release|x86.Build.0 = Release|Win32
		{0C6674CC-6D49-414A-9B41-D4E175028FFB}.Debug|Any CPU.ActiveCfg = Debug|Any CPU
		{0C6674CC-6D49-414A-9B41-D4E175028FFB}.Debug|Any CPU.Build.0 = Debug|Any CPU
		{0C6674CC-6D49-414A-9B41-D4E175028FFB}.Debug|x64.ActiveCfg = Debug|Any CPU
		{0C6674CC-6D49-414A-9B41-D4E175028FFB}.Debug|x64.Build.0 = Debug|Any CPU
		{0C6674CC-6D49-414A-9B41-D4E175028FFB}.Debug|x86.ActiveCfg = Debug|Any CPU
		{0C6674CC-6D49-414A-9B41-D4E175028FFB}.Debug|x86.Build.0 = Debug|Any CPU
		{0C6674CC-6D49-414A-9B41-D4E175028FFB}.Release|Any CPU.ActiveCfg = Release|Any CPU
		{0C6674CC-6D49-414A-9B41-D4E175028FFB}.Release|Any CPU.Build.0 = Release|Any CPU
		{0C6674CC-6D49-414A-9B41-D4E175028FFB}.Release|x64.ActiveCfg = Release|Any CPU
		{0C6674CC-6D49-414A-9B41-D4E175028FFB}.Release|x64.Build.0 = Release|Any CPU
		{0C6674CC-6D49-414A-9B41-D4E175028FFB}.Release|x86.ActiveCfg = Release|Any CPU
		{0C6674CC-6D49-414A-9B41-D4E175028FFB}.Release|x86.Build.0 = Release|Any CPU
		{4198D440-3C47-4183-B28A-E2B10FDEF045}.Debug|Any CPU.ActiveCfg = Debug|x64
		{4198D440-3C47-4183-B28A-E2B10FDEF045}.Debug|x64.ActiveCfg = Debug|x64
		{4198D440-3C47-4183-B28A-E2B10FDEF045}.Debug|x64.Build.0 = Debug|x64
		{4198D440-3C47-4183-B28A-E2B10FDEF045}.Debug|x86.ActiveCfg = Debug|x86
		{4198D440-3C47-4183-B28A-E2B10FDEF045}.Debug|x86.Build.0 = Debug|x86
		{4198D440-3C47-4183-B28A-E2B10FDEF045}.Release|Any CPU.ActiveCfg = Release|x64
		{4198D440-3C47-4183-B28A-E2B10FDEF045}.Release|x64.ActiveCfg = Release|x64
		{4198D440-3C47-4183-B28A-E2B10FDEF045}.Release|x64.Build.0 = Release|x64
		{4198D440-3C47-4183-B28A-E2B10FDEF045}.Release|x86.ActiveCfg = Release|x86
		{4198D440-3C47-4183-B28A-E2B10FDEF045}.Release|x86.Build.0 = Release|x86
		{28675CF5-7653-4EB7-91AC-B08BB04DA246}.Debug|Any CPU.ActiveCfg = Debug|Any CPU
		{28675CF5-7653-4EB7-91AC-B08BB04DA246}.Debug|Any CPU.Build.0 = Debug|Any CPU
		{28675CF5-7653-4EB7-91AC-B08BB04DA246}.Debug|x64.ActiveCfg = Debug|Any CPU
		{28675CF5-7653-4EB7-91AC-B08BB04DA246}.Debug|x64.Build.0 = Debug|Any CPU
		{28675CF5-7653-4EB7-91AC-B08BB04DA246}.Debug|x86.ActiveCfg = Debug|Any CPU
		{28675CF5-7653-4EB7-91AC-B08BB04DA246}.Debug|x86.Build.0 = Debug|Any CPU
		{28675CF5-7653-4EB7-91AC-B08BB04DA246}.Release|Any CPU.ActiveCfg = Release|Any CPU
		{28675CF5-7653-4EB7-91AC-B08BB04DA246}.Release|Any CPU.Build.0 = Release|Any CPU
		{28675CF5-7653-4EB7-91AC-B08BB04DA246}.Release|x64.ActiveCfg = Release|Any CPU
		{28675CF5-7653-4EB7-91AC-B08BB04DA246}.Release|x64.Build.0 = Release|Any CPU
		{28675CF5-7653-4EB7-91AC-B08BB04DA246}.Release|x86.ActiveCfg = Release|Any CPU
		{28675CF5-7653-4EB7-91AC-B08BB04DA246}.Release|x86.Build.0 = Release|Any CPU
	EndGlobalSection
	GlobalSection(SolutionProperties) = preSolution
		HideSolutionNode = FALSE
	EndGlobalSection
EndGlobal
