
Microsoft Visual Studio Solution File, Format Version 11.00
# Visual Studio 2010
Project("{8BC9CEB8-8B4A-11D0-8D11-00A0C91BC942}") = "CommandLine", "FileMeta.vcxproj", "{8E86EBF1-8B1F-4035-A21B-3A566FF04C7F}"
EndProject
Project("{930C7802-8A8C-48F9-8165-68863BCCD9DD}") = "CommandLineSetup", "CommandLineSetup\CommandLineSetup.wixproj", "{149E83A0-B8C5-45D7-A61C-E1DE0D79F06C}"
EndProject
Global
	GlobalSection(SolutionConfigurationPlatforms) = preSolution
		Debug|x64 = Debug|x64
		Debug|x86 = Debug|x86
		Release|x64 = Release|x64
		Release|x86 = Release|x86
	EndGlobalSection
	GlobalSection(ProjectConfigurationPlatforms) = postSolution
		{8E86EBF1-8B1F-4035-A21B-3A566FF04C7F}.Debug|x64.ActiveCfg = Debug|x64
		{8E86EBF1-8B1F-4035-A21B-3A566FF04C7F}.Debug|x64.Build.0 = Debug|x64
		{8E86EBF1-8B1F-4035-A21B-3A566FF04C7F}.Debug|x86.ActiveCfg = Debug|Win32
		{8E86EBF1-8B1F-4035-A21B-3A566FF04C7F}.Debug|x86.Build.0 = Debug|Win32
		{8E86EBF1-8B1F-4035-A21B-3A566FF04C7F}.Release|x64.ActiveCfg = Release|x64
		{8E86EBF1-8B1F-4035-A21B-3A566FF04C7F}.Release|x64.Build.0 = Release|x64
		{8E86EBF1-8B1F-4035-A21B-3A566FF04C7F}.Release|x86.ActiveCfg = Release|Win32
		{8E86EBF1-8B1F-4035-A21B-3A566FF04C7F}.Release|x86.Build.0 = Release|Win32
		{149E83A0-B8C5-45D7-A61C-E1DE0D79F06C}.Debug|x64.ActiveCfg = Debug|x64
		{149E83A0-B8C5-45D7-A61C-E1DE0D79F06C}.Debug|x64.Build.0 = Debug|x64
		{149E83A0-B8C5-45D7-A61C-E1DE0D79F06C}.Debug|x86.ActiveCfg = Debug|x86
		{149E83A0-B8C5-45D7-A61C-E1DE0D79F06C}.Debug|x86.Build.0 = Debug|x86
		{149E83A0-B8C5-45D7-A61C-E1DE0D79F06C}.Release|x64.ActiveCfg = Release|x64
		{149E83A0-B8C5-45D7-A61C-E1DE0D79F06C}.Release|x64.Build.0 = Release|x64
		{149E83A0-B8C5-45D7-A61C-E1DE0D79F06C}.Release|x86.ActiveCfg = Release|x86
		{149E83A0-B8C5-45D7-A61C-E1DE0D79F06C}.Release|x86.Build.0 = Release|x86
	EndGlobalSection
	GlobalSection(SolutionProperties) = preSolution
		HideSolutionNode = FALSE
	EndGlobalSection
EndGlobal
